
Microsoft Visual Studio Solution File, Format Version 12.00
# Visual Studio Version 16
VisualStudioVersion = 16.0.29123.88
MinimumVisualStudioVersion = 10.0.40219.1
Project("{FAE04EC0-301F-11D3-BF4B-00C04F79EFBC}") = "APP", "APP\APP.csproj", "{22A0D339-1DFB-4BC7-88EA-2D7483778DA2}"
EndProject
Global
	GlobalSection(SolutionConfigurationPlatforms) = preSolution
		Debug|Any CPU = Debug|Any CPU
		Release|Any CPU = Release|Any CPU
	EndGlobalSection
	GlobalSection(ProjectConfigurationPlatforms) = postSolution
		{22A0D339-1DFB-4BC7-88EA-2D7483778DA2}.Debug|Any CPU.ActiveCfg = Debug|Any CPU
		{22A0D339-1DFB-4BC7-88EA-2D7483778DA2}.Debug|Any CPU.Build.0 = Debug|Any CPU
		{22A0D339-1DFB-4BC7-88EA-2D7483778DA2}.Release|Any CPU.ActiveCfg = Release|Any CPU
		{22A0D339-1DFB-4BC7-88EA-2D7483778DA2}.Release|Any CPU.Build.0 = Release|Any CPU
	EndGlobalSection
	GlobalSection(SolutionProperties) = preSolution
		HideSolutionNode = FALSE
	EndGlobalSection
	GlobalSection(ExtensibilityGlobals) = postSolution
		SolutionGuid = {25EBD2F8-E41E-40EC-AF09-C05C81D679D3}
	EndGlobalSection
EndGlobal
